dependencies:
- name: postgresql
  repository: https://charts.bitnami.com/bitnami
  version: 18.7.8
- name: account-app
  repository: file://./charts/account-app
  version: 0.1.0
- name: front-app
  repository: file://./charts/front-app
  version: 0.1.0
- name: keycloakx
  repository: https://codecentric.github.io/helm-charts
  version: 7.2.2
- name: gateway-app
  repository: file://./charts/gateway-app
  version: 0.1.0
- name: cash-app
  repository: file://./charts/cash-app
  version: 0.1.0
- name: notification-app
  repository: file://./charts/notification-app
  version: 0.1.0
- name: transfer-app
  repository: file://./charts/transfer-app
  version: 0.1.0
- name: kafka
  repository: https://helm-charts.itboon.top/kafka/
  version: 18.0.1
digest: sha256:d71ff33c37f8cfa949603f7b68a069bf7a5544d410a45b973895872afe8110d6
generated: "2026-08-20T21:00:32.9410236+05:00"
