dependencies:
- name: postgresql
  repository: https://charts.bitnami.com/bitnami
  version: 18.7.8
- name: account-app
  repository: file://./charts/account-app
  version: 0.1.0
- name: front-app
  repository: file://./charts/front-app
  version: 0.1.0
- name: keycloakx
  repository: https://codecentric.github.io/helm-charts
  version: 7.2.2
- name: gateway-app
  repository: file://./charts/gateway-app
  version: 0.1.0
- name: cash-app
  repository: file://./charts/cash-app
  version: 0.1.0
- name: notification-app
  repository: file://./charts/notification-app
  version: 0.1.0
- name: transfer-app
  repository: file://./charts/transfer-app
  version: 0.1.0
- name: kafka
  repository: https://helm-charts.itboon.top/kafka/
  version: 18.0.1
- name: zipkin
  repository: https://zipkin.io/zipkin-helm
  version: 0.5.0
digest: sha256:3a4fe45de3f67521db56188be906fb77fd9f25eefb5e0b246e48514852efd313
generated: "2026-08-27T18:50:50.8658804+05:00"
